github.com/goal-web/contracts v0.0.0-20220120093117-be8f72613bff h1:icWPUCgywE8+1zYemJ3t5mVHQBDVVprhVdhaULkrx9E=
github.com/goal-web/contracts v0.0.0-20220120093117-be8f72613bff/go.mod h1:lKHynU2Kgk6xyxL4afOJM4TO1kSa3RrCJ2bm5RtFMBw=
github.com/goal-web/contracts v0.1.62.7/go.mod h1:lKHynU2Kgk6xyxL4afOJM4TO1kSa3RrCJ2bm5RtFMBw=
github.com/qbhy/parallel v1.3.0 h1:QxiO29iAGKo5Qt6IntwkP6UJongA7rjMI05IshPLymk=
github.com/qbhy/parallel v1.3.0/go.mod h1:gjKS0IACnz3SWXkeEOUvPPZZxpeQAOW47jT4cpWPvqU=
golang.org/x/sync v0.0.0-20210220032951-036812b2e83c h1:5KslGYwFpkhGh+Q16bwMP3cOontH8FOep7tGV86Y7SQ=
golang.org/x/sync v0.0.0-20210220032951-036812b2e83c/go.mod h1:RxMgew5VJxzue5/jJTE5uejpjVlOe/izrB70Jof72aM=
